
Microsoft Visual Studio Solution File, Format Version 12.00
# Visual Studio 2013
VisualStudioVersion = 12.0.21005.1
MinimumVisualStudioVersion = 10.0.40219.1
Project("{FAE04EC0-301F-11D3-BF4B-00C04F79EFBC}") = "Models", "Models\Models.csproj", "{BB2E0525-D018-41D9-AD90-9558C1735A32}"
EndProject
Project("{FAE04EC0-301F-11D3-BF4B-00C04F79EFBC}") = "Interfaces", "Interfaces\Interfaces.csproj", "{4C066074-1879-49AC-ADAF-7D7758F55251}"
EndProject
Project("{FAE04EC0-301F-11D3-BF4B-00C04F79EFBC}") = "StartBot", "StartBot\StartBot.csproj", "{0B5ABF4F-7D0A-41F8-9D25-32C61FBF018B}"
EndProject
Project("{FAE04EC0-301F-11D3-BF4B-00C04F79EFBC}") = "IocContainer", "IocContainer\IocContainer.csproj", "{21CC1D90-2637-4313-904A-83978CCA599B}"
EndProject
Project("{FAE04EC0-301F-11D3-BF4B-00C04F79EFBC}") = "WebApi", "WebApi\WebApi.csproj", "{02A9AF02-11FC-431E-A1A3-E2E183EA060B}"
EndProject
Global
	GlobalSection(SolutionConfigurationPlatforms) = preSolution
		Debug|Any CPU = Debug|Any CPU
		Release|Any CPU = Release|Any CPU
	EndGlobalSection
	GlobalSection(ProjectConfigurationPlatforms) = postSolution
		{BB2E0525-D018-41D9-AD90-9558C1735A32}.Debug|Any CPU.ActiveCfg = Debug|Any CPU
		{BB2E0525-D018-41D9-AD90-9558C1735A32}.Debug|Any CPU.Build.0 = Debug|Any CPU
		{BB2E0525-D018-41D9-AD90-9558C1735A32}.Release|Any CPU.ActiveCfg = Release|Any CPU
		{BB2E0525-D018-41D9-AD90-9558C1735A32}.Release|Any CPU.Build.0 = Release|Any CPU
		{4C066074-1879-49AC-ADAF-7D7758F55251}.Debug|Any CPU.ActiveCfg = Debug|Any CPU
		{4C066074-1879-49AC-ADAF-7D7758F55251}.Debug|Any CPU.Build.0 = Debug|Any CPU
		{4C066074-1879-49AC-ADAF-7D7758F55251}.Release|Any CPU.ActiveCfg = Release|Any CPU
		{4C066074-1879-49AC-ADAF-7D7758F55251}.Release|Any CPU.Build.0 = Release|Any CPU
		{0B5ABF4F-7D0A-41F8-9D25-32C61FBF018B}.Debug|Any CPU.ActiveCfg = Debug|Any CPU
		{0B5ABF4F-7D0A-41F8-9D25-32C61FBF018B}.Debug|Any CPU.Build.0 = Debug|Any CPU
		{0B5ABF4F-7D0A-41F8-9D25-32C61FBF018B}.Release|Any CPU.ActiveCfg = Release|Any CPU
		{0B5ABF4F-7D0A-41F8-9D25-32C61FBF018B}.Release|Any CPU.Build.0 = Release|Any CPU
		{21CC1D90-2637-4313-904A-83978CCA599B}.Debug|Any CPU.ActiveCfg = Debug|Any CPU
		{21CC1D90-2637-4313-904A-83978CCA599B}.Debug|Any CPU.Build.0 = Debug|Any CPU
		{21CC1D90-2637-4313-904A-83978CCA599B}.Release|Any CPU.ActiveCfg = Release|Any CPU
		{21CC1D90-2637-4313-904A-83978CCA599B}.Release|Any CPU.Build.0 = Release|Any CPU
		{02A9AF02-11FC-431E-A1A3-E2E183EA060B}.Debug|Any CPU.ActiveCfg = Debug|Any CPU
		{02A9AF02-11FC-431E-A1A3-E2E183EA060B}.Debug|Any CPU.Build.0 = Debug|Any CPU
		{02A9AF02-11FC-431E-A1A3-E2E183EA060B}.Release|Any CPU.ActiveCfg = Release|Any CPU
		{02A9AF02-11FC-431E-A1A3-E2E183EA060B}.Release|Any CPU.Build.0 = Release|Any CPU
	EndGlobalSection
	GlobalSection(SolutionProperties) = preSolution
		HideSolutionNode = FALSE
	EndGlobalSection
EndGlobal
